
Microsoft Visual Studio Solution File, Format Version 12.00
# Visual Studio Version 17
VisualStudioVersion = 17.8.34205.153
MinimumVisualStudioVersion = 10.0.40219.1
Project("{9A19103F-16F7-4668-BE54-9A1E7A4F7556}") = "WatchTower.Management.Devices.Manager", "WatchTower.Management.Devices.Manager\WatchTower.Management.Devices.Manager.csproj", "{BE57A405-8C57-4A63-8445-890EFDFA36A0}"
EndProject
Project("{9A19103F-16F7-4668-BE54-9A1E7A4F7556}") = "WatchTower.Management.Devices.E2.ServiceModel", "WatchTower.Management.Devices.E2.ServiceModel\WatchTower.Management.Devices.E2.ServiceModel.csproj", "{5BB51282-00F7-4DD0-8C78-4BFA39751109}"
EndProject
Project("{9A19103F-16F7-4668-BE54-9A1E7A4F7556}") = "WatchTower.Management.Devices.E2.ServiceInterface", "WatchTower.Management.Devices.E2.ServiceInterface\WatchTower.Management.Devices.E2.ServiceInterface.csproj", "{73AEC747-0622-4760-8D53-D61A42B74B87}"
EndProject
Project("{9A19103F-16F7-4668-BE54-9A1E7A4F7556}") = "WatchTower.Management.Devices.E2.Tests", "WatchTower.Management.Devices.E2.Tests\WatchTower.Management.Devices.E2.Tests.csproj", "{809BBACF-CA46-482D-8206-AC05F293AE55}"
EndProject
Project("{2150E333-8FDC-42A3-9474-1A3956D46DE8}") = "1. Solution Items", "1. Solution Items", "{4D2600F2-757B-4F30-AAE3-72ED49E8D37E}"
	ProjectSection(SolutionItems) = preProject
		docker-compose.yml = docker-compose.yml
		.env = .env
	EndProjectSection
EndProject
Project("{2150E333-8FDC-42A3-9474-1A3956D46DE8}") = "2. Devices", "2. Devices", "{D76F0449-9C9F-4F3E-BAE4-60C7BD54516E}"
EndProject
Project("{2150E333-8FDC-42A3-9474-1A3956D46DE8}") = "2.3 - E2", "2.3 - E2", "{D157A020-2BA2-4611-BA85-E48236D00ED3}"
EndProject
Project("{2150E333-8FDC-42A3-9474-1A3956D46DE8}") = "2.1 - Device Manager", "2.1 - Device Manager", "{909B4A6C-0B68-428A-BA58-1082ADDB3609}"
EndProject
Project("{2150E333-8FDC-42A3-9474-1A3956D46DE8}") = "2.2 - Shared", "2.2 - Shared", "{A17F6E07-5E33-400E-9525-A4CFDC6C4C6A}"
EndProject
Project("{FAE04EC0-301F-11D3-BF4B-00C04F79EFBC}") = "WatchTower.Management.Devices.Shared", "WatchTower.Management.Devices.Shared\WatchTower.Management.Devices.Shared.csproj", "{4FA39C30-6842-4AE8-A7F6-53A909336D99}"
EndProject
Project("{FAE04EC0-301F-11D3-BF4B-00C04F79EFBC}") = "WatchTower.Management.Devices.E2.ServiceModel.Interfaces", "WatchTower.Management.Devices.E2.ServiceModel.Interfaces\WatchTower.Management.Devices.E2.ServiceModel.Interfaces.csproj", "{BA9A914C-5C84-4644-989D-82C17E876BA5}"
EndProject
Global
	GlobalSection(SolutionConfigurationPlatforms) = preSolution
		Debug|Any CPU = Debug|Any CPU
		Release|Any CPU = Release|Any CPU
	EndGlobalSection
	GlobalSection(ProjectConfigurationPlatforms) = postSolution
		{BE57A405-8C57-4A63-8445-890EFDFA36A0}.Debug|Any CPU.ActiveCfg = Debug|Any CPU
		{BE57A405-8C57-4A63-8445-890EFDFA36A0}.Debug|Any CPU.Build.0 = Debug|Any CPU
		{BE57A405-8C57-4A63-8445-890EFDFA36A0}.Release|Any CPU.ActiveCfg = Release|Any CPU
		{BE57A405-8C57-4A63-8445-890EFDFA36A0}.Release|Any CPU.Build.0 = Release|Any CPU
		{5BB51282-00F7-4DD0-8C78-4BFA39751109}.Debug|Any CPU.ActiveCfg = Debug|Any CPU
		{5BB51282-00F7-4DD0-8C78-4BFA39751109}.Debug|Any CPU.Build.0 = Debug|Any CPU
		{5BB51282-00F7-4DD0-8C78-4BFA39751109}.Release|Any CPU.ActiveCfg = Release|Any CPU
		{5BB51282-00F7-4DD0-8C78-4BFA39751109}.Release|Any CPU.Build.0 = Release|Any CPU
		{73AEC747-0622-4760-8D53-D61A42B74B87}.Debug|Any CPU.ActiveCfg = Debug|Any CPU
		{73AEC747-0622-4760-8D53-D61A42B74B87}.Debug|Any CPU.Build.0 = Debug|Any CPU
		{73AEC747-0622-4760-8D53-D61A42B74B87}.Release|Any CPU.ActiveCfg = Release|Any CPU
		{73AEC747-0622-4760-8D53-D61A42B74B87}.Release|Any CPU.Build.0 = Release|Any CPU
		{809BBACF-CA46-482D-8206-AC05F293AE55}.Debug|Any CPU.ActiveCfg = Debug|Any CPU
		{809BBACF-CA46-482D-8206-AC05F293AE55}.Debug|Any CPU.Build.0 = Debug|Any CPU
		{809BBACF-CA46-482D-8206-AC05F293AE55}.Release|Any CPU.ActiveCfg = Release|Any CPU
		{809BBACF-CA46-482D-8206-AC05F293AE55}.Release|Any CPU.Build.0 = Release|Any CPU
		{4FA39C30-6842-4AE8-A7F6-53A909336D99}.Debug|Any CPU.ActiveCfg = Debug|Any CPU
		{4FA39C30-6842-4AE8-A7F6-53A909336D99}.Debug|Any CPU.Build.0 = Debug|Any CPU
		{4FA39C30-6842-4AE8-A7F6-53A909336D99}.Release|Any CPU.ActiveCfg = Release|Any CPU
		{4FA39C30-6842-4AE8-A7F6-53A909336D99}.Release|Any CPU.Build.0 = Release|Any CPU
		{BA9A914C-5C84-4644-989D-82C17E876BA5}.Debug|Any CPU.ActiveCfg = Debug|Any CPU
		{BA9A914C-5C84-4644-989D-82C17E876BA5}.Debug|Any CPU.Build.0 = Debug|Any CPU
		{BA9A914C-5C84-4644-989D-82C17E876BA5}.Release|Any CPU.ActiveCfg = Release|Any CPU
		{BA9A914C-5C84-4644-989D-82C17E876BA5}.Release|Any CPU.Build.0 = Release|Any CPU
	EndGlobalSection
	GlobalSection(SolutionProperties) = preSolution
		HideSolutionNode = FALSE
	EndGlobalSection
	GlobalSection(ExtensibilityGlobals) = postSolution
		SolutionGuid = {EFF66C5D-93D3-497A-BFD4-AFBAD9695AB2}
	EndGlobalSection
	GlobalSection(NestedProjects) = preSolution
		{D157A020-2BA2-4611-BA85-E48236D00ED3} = {D76F0449-9C9F-4F3E-BAE4-60C7BD54516E}
		{73AEC747-0622-4760-8D53-D61A42B74B87} = {D157A020-2BA2-4611-BA85-E48236D00ED3}
		{5BB51282-00F7-4DD0-8C78-4BFA39751109} = {D157A020-2BA2-4611-BA85-E48236D00ED3}
		{809BBACF-CA46-482D-8206-AC05F293AE55} = {D157A020-2BA2-4611-BA85-E48236D00ED3}
		{909B4A6C-0B68-428A-BA58-1082ADDB3609} = {D76F0449-9C9F-4F3E-BAE4-60C7BD54516E}
		{BE57A405-8C57-4A63-8445-890EFDFA36A0} = {909B4A6C-0B68-428A-BA58-1082ADDB3609}
		{A17F6E07-5E33-400E-9525-A4CFDC6C4C6A} = {D76F0449-9C9F-4F3E-BAE4-60C7BD54516E}
		{4FA39C30-6842-4AE8-A7F6-53A909336D99} = {A17F6E07-5E33-400E-9525-A4CFDC6C4C6A}
		{BA9A914C-5C84-4644-989D-82C17E876BA5} = {D157A020-2BA2-4611-BA85-E48236D00ED3}
	EndGlobalSection
EndGlobal
