
Microsoft Visual Studio Solution File, Format Version 12.00
# Visual Studio Version 17
VisualStudioVersion = 17.8.34205.153
MinimumVisualStudioVersion = 10.0.40219.1
Project("{9A19103F-16F7-4668-BE54-9A1E7A4F7556}") = "WatchTower.Management.Devices.Manager", "WatchTower.Management.Devices.Manager\WatchTower.Management.Devices.Manager.csproj", "{BE57A405-8C57-4A63-8445-890EFDFA36A0}"
EndProject
Project("{9A19103F-16F7-4668-BE54-9A1E7A4F7556}") = "WatchTower.Management.Devices.E2.ServiceModel", "WatchTower.Management.Devices.E2.ServiceModel\WatchTower.Management.Devices.E2.ServiceModel.csproj", "{5BB51282-00F7-4DD0-8C78-4BFA39751109}"
EndProject
Project("{9A19103F-16F7-4668-BE54-9A1E7A4F7556}") = "WatchTower.Management.Devices.E2.ServiceInterface", "WatchTower.Management.Devices.E2.ServiceInterface\WatchTower.Management.Devices.E2.ServiceInterface.csproj", "{73AEC747-0622-4760-8D53-D61A42B74B87}"
EndProject
Project("{9A19103F-16F7-4668-BE54-9A1E7A4F7556}") = "WatchTower.Management.Devices.E2.Tests", "WatchTower.Management.Devices.E2.Tests\WatchTower.Management.Devices.E2.Tests.csproj", "{809BBACF-CA46-482D-8206-AC05F293AE55}"
EndProject
Project("{2150E333-8FDC-42A3-9474-1A3956D46DE8}") = "1. Solution Items", "1. Solution Items", "{4D2600F2-757B-4F30-AAE3-72ED49E8D37E}"
EndProject
Project("{2150E333-8FDC-42A3-9474-1A3956D46DE8}") = "3. Application", "3. Application", "{D76F0449-9C9F-4F3E-BAE4-60C7BD54516E}"
EndProject
Project("{2150E333-8FDC-42A3-9474-1A3956D46DE8}") = "3.3.1 - E2", "3.3.1 - E2", "{D157A020-2BA2-4611-BA85-E48236D00ED3}"
EndProject
Project("{2150E333-8FDC-42A3-9474-1A3956D46DE8}") = "3.1 - Device Manager", "3.1 - Device Manager", "{909B4A6C-0B68-428A-BA58-1082ADDB3609}"
EndProject
Project("{2150E333-8FDC-42A3-9474-1A3956D46DE8}") = "3.2 - Shared", "3.2 - Shared", "{A17F6E07-5E33-400E-9525-A4CFDC6C4C6A}"
EndProject
Project("{FAE04EC0-301F-11D3-BF4B-00C04F79EFBC}") = "WatchTower.Management.Devices.Shared", "WatchTower.Management.Devices.Shared\WatchTower.Management.Devices.Shared.csproj", "{4FA39C30-6842-4AE8-A7F6-53A909336D99}"
EndProject
Project("{FAE04EC0-301F-11D3-BF4B-00C04F79EFBC}") = "WatchTower.Management.Devices.E2.ServiceModel.Interfaces", "WatchTower.Management.Devices.E2.ServiceModel.Interfaces\WatchTower.Management.Devices.E2.ServiceModel.Interfaces.csproj", "{BA9A914C-5C84-4644-989D-82C17E876BA5}"
EndProject
Project("{2150E333-8FDC-42A3-9474-1A3956D46DE8}") = "3.3.2 - E3", "3.3.2 - E3", "{099EC6B1-6CC1-4186-9A0B-9EC99A9B8C2B}"
EndProject
Project("{2150E333-8FDC-42A3-9474-1A3956D46DE8}") = "2.4.1 - API Requests", "2.4.1 - API Requests", "{989DE2CE-6A32-4044-A13C-B69559016277}"
EndProject
Project("{FAE04EC0-301F-11D3-BF4B-00C04F79EFBC}") = "WatchTower.Management.Devices.E3.ServiceInterface", "WatchTower.Management.Devices.E3.ServiceInterface\WatchTower.Management.Devices.E3.ServiceInterface.csproj", "{6C8AD166-ACD3-4E1B-B689-65D442176BFF}"
EndProject
Project("{FAE04EC0-301F-11D3-BF4B-00C04F79EFBC}") = "WatchTower.Management.Devices.E3.ServiceModel", "WatchTower.Management.Devices.E3.ServiceModel\WatchTower.Management.Devices.E3.ServiceModel.csproj", "{AEA78E18-8BD8-4926-BEF3-4EE73C6F97FD}"
EndProject
Project("{FAE04EC0-301F-11D3-BF4B-00C04F79EFBC}") = "WatchTower.Management.Devices.E3.ServiceModel.Interfaces", "WatchTower.Management.Devices.E3.ServiceModel.Interfaces\WatchTower.Management.Devices.E3.ServiceModel.Interfaces.csproj", "{4A0839F3-4574-40AC-BCF9-A7D9094C4D6D}"
EndProject
Project("{2150E333-8FDC-42A3-9474-1A3956D46DE8}") = "Requests", "Requests", "{F9B3C705-4A8D-4323-970A-F46D741023BE}"
	ProjectSection(SolutionItems) = preProject
		WatchTower.Management.Devices.E3.ServiceInterface\E3_Requests.http = WatchTower.Management.Devices.E3.ServiceInterface\E3_Requests.http
	EndProjectSection
EndProject
Project("{2150E333-8FDC-42A3-9474-1A3956D46DE8}") = "Configuration", "Configuration", "{3481C69E-10B6-4FF3-A311-0D16996DB37F}"
	ProjectSection(SolutionItems) = preProject
		.env = .env
		docker-compose.yml = docker-compose.yml
	EndProjectSection
EndProject
Project("{2150E333-8FDC-42A3-9474-1A3956D46DE8}") = "2. System", "2. System", "{52F19863-34F4-401D-984C-41EA9D8A2CD6}"
EndProject
Project("{2150E333-8FDC-42A3-9474-1A3956D46DE8}") = "2.1 - Services", "2.1 - Services", "{5E6BAB05-4C7B-4F2B-9433-7B4C655951AB}"
EndProject
Project("{FAE04EC0-301F-11D3-BF4B-00C04F79EFBC}") = "WatchTower.Management.ServiceInterface", "WatchTower.Management.ServiceInterface\WatchTower.Management.ServiceInterface.csproj", "{3C2B3668-1673-4D4D-B017-88BF57A373B1}"
EndProject
Project("{2150E333-8FDC-42A3-9474-1A3956D46DE8}") = "3.3 - Devices", "3.3 - Devices", "{C63C28D0-E141-4110-8A90-CEE11C218E42}"
EndProject
Project("{FAE04EC0-301F-11D3-BF4B-00C04F79EFBC}") = "WatchTower.Management.ServiceModel", "WatchTower.Management.ServiceModel\WatchTower.Management.ServiceModel.csproj", "{589B3F7C-20D6-46AE-8F06-CEC1F8FDA36F}"
EndProject
Global
	GlobalSection(SolutionConfigurationPlatforms) = preSolution
		Debug|Any CPU = Debug|Any CPU
		Release|Any CPU = Release|Any CPU
	EndGlobalSection
	GlobalSection(ProjectConfigurationPlatforms) = postSolution
		{BE57A405-8C57-4A63-8445-890EFDFA36A0}.Debug|Any CPU.ActiveCfg = Debug|Any CPU
		{BE57A405-8C57-4A63-8445-890EFDFA36A0}.Debug|Any CPU.Build.0 = Debug|Any CPU
		{BE57A405-8C57-4A63-8445-890EFDFA36A0}.Release|Any CPU.ActiveCfg = Release|Any CPU
		{BE57A405-8C57-4A63-8445-890EFDFA36A0}.Release|Any CPU.Build.0 = Release|Any CPU
		{5BB51282-00F7-4DD0-8C78-4BFA39751109}.Debug|Any CPU.ActiveCfg = Debug|Any CPU
		{5BB51282-00F7-4DD0-8C78-4BFA39751109}.Debug|Any CPU.Build.0 = Debug|Any CPU
		{5BB51282-00F7-4DD0-8C78-4BFA39751109}.Release|Any CPU.ActiveCfg = Release|Any CPU
		{5BB51282-00F7-4DD0-8C78-4BFA39751109}.Release|Any CPU.Build.0 = Release|Any CPU
		{73AEC747-0622-4760-8D53-D61A42B74B87}.Debug|Any CPU.ActiveCfg = Debug|Any CPU
		{73AEC747-0622-4760-8D53-D61A42B74B87}.Debug|Any CPU.Build.0 = Debug|Any CPU
		{73AEC747-0622-4760-8D53-D61A42B74B87}.Release|Any CPU.ActiveCfg = Release|Any CPU
		{73AEC747-0622-4760-8D53-D61A42B74B87}.Release|Any CPU.Build.0 = Release|Any CPU
		{809BBACF-CA46-482D-8206-AC05F293AE55}.Debug|Any CPU.ActiveCfg = Debug|Any CPU
		{809BBACF-CA46-482D-8206-AC05F293AE55}.Debug|Any CPU.Build.0 = Debug|Any CPU
		{809BBACF-CA46-482D-8206-AC05F293AE55}.Release|Any CPU.ActiveCfg = Release|Any CPU
		{809BBACF-CA46-482D-8206-AC05F293AE55}.Release|Any CPU.Build.0 = Release|Any CPU
		{4FA39C30-6842-4AE8-A7F6-53A909336D99}.Debug|Any CPU.ActiveCfg = Debug|Any CPU
		{4FA39C30-6842-4AE8-A7F6-53A909336D99}.Debug|Any CPU.Build.0 = Debug|Any CPU
		{4FA39C30-6842-4AE8-A7F6-53A909336D99}.Release|Any CPU.ActiveCfg = Release|Any CPU
		{4FA39C30-6842-4AE8-A7F6-53A909336D99}.Release|Any CPU.Build.0 = Release|Any CPU
		{BA9A914C-5C84-4644-989D-82C17E876BA5}.Debug|Any CPU.ActiveCfg = Debug|Any CPU
		{BA9A914C-5C84-4644-989D-82C17E876BA5}.Debug|Any CPU.Build.0 = Debug|Any CPU
		{BA9A914C-5C84-4644-989D-82C17E876BA5}.Release|Any CPU.ActiveCfg = Release|Any CPU
		{BA9A914C-5C84-4644-989D-82C17E876BA5}.Release|Any CPU.Build.0 = Release|Any CPU
		{6C8AD166-ACD3-4E1B-B689-65D442176BFF}.Debug|Any CPU.ActiveCfg = Debug|Any CPU
		{6C8AD166-ACD3-4E1B-B689-65D442176BFF}.Debug|Any CPU.Build.0 = Debug|Any CPU
		{6C8AD166-ACD3-4E1B-B689-65D442176BFF}.Release|Any CPU.ActiveCfg = Release|Any CPU
		{6C8AD166-ACD3-4E1B-B689-65D442176BFF}.Release|Any CPU.Build.0 = Release|Any CPU
		{AEA78E18-8BD8-4926-BEF3-4EE73C6F97FD}.Debug|Any CPU.ActiveCfg = Debug|Any CPU
		{AEA78E18-8BD8-4926-BEF3-4EE73C6F97FD}.Debug|Any CPU.Build.0 = Debug|Any CPU
		{AEA78E18-8BD8-4926-BEF3-4EE73C6F97FD}.Release|Any CPU.ActiveCfg = Release|Any CPU
		{AEA78E18-8BD8-4926-BEF3-4EE73C6F97FD}.Release|Any CPU.Build.0 = Release|Any CPU
		{4A0839F3-4574-40AC-BCF9-A7D9094C4D6D}.Debug|Any CPU.ActiveCfg = Debug|Any CPU
		{4A0839F3-4574-40AC-BCF9-A7D9094C4D6D}.Debug|Any CPU.Build.0 = Debug|Any CPU
		{4A0839F3-4574-40AC-BCF9-A7D9094C4D6D}.Release|Any CPU.ActiveCfg = Release|Any CPU
		{4A0839F3-4574-40AC-BCF9-A7D9094C4D6D}.Release|Any CPU.Build.0 = Release|Any CPU
		{3C2B3668-1673-4D4D-B017-88BF57A373B1}.Debug|Any CPU.ActiveCfg = Debug|Any CPU
		{3C2B3668-1673-4D4D-B017-88BF57A373B1}.Debug|Any CPU.Build.0 = Debug|Any CPU
		{3C2B3668-1673-4D4D-B017-88BF57A373B1}.Release|Any CPU.ActiveCfg = Release|Any CPU
		{3C2B3668-1673-4D4D-B017-88BF57A373B1}.Release|Any CPU.Build.0 = Release|Any CPU
		{589B3F7C-20D6-46AE-8F06-CEC1F8FDA36F}.Debug|Any CPU.ActiveCfg = Debug|Any CPU
		{589B3F7C-20D6-46AE-8F06-CEC1F8FDA36F}.Debug|Any CPU.Build.0 = Debug|Any CPU
		{589B3F7C-20D6-46AE-8F06-CEC1F8FDA36F}.Release|Any CPU.ActiveCfg = Release|Any CPU
		{589B3F7C-20D6-46AE-8F06-CEC1F8FDA36F}.Release|Any CPU.Build.0 = Release|Any CPU
	EndGlobalSection
	GlobalSection(SolutionProperties) = preSolution
		HideSolutionNode = FALSE
	EndGlobalSection
	GlobalSection(ExtensibilityGlobals) = postSolution
		SolutionGuid = {EFF66C5D-93D3-497A-BFD4-AFBAD9695AB2}
	EndGlobalSection
	GlobalSection(NestedProjects) = preSolution
		{73AEC747-0622-4760-8D53-D61A42B74B87} = {D157A020-2BA2-4611-BA85-E48236D00ED3}
		{5BB51282-00F7-4DD0-8C78-4BFA39751109} = {D157A020-2BA2-4611-BA85-E48236D00ED3}
		{809BBACF-CA46-482D-8206-AC05F293AE55} = {D157A020-2BA2-4611-BA85-E48236D00ED3}
		{909B4A6C-0B68-428A-BA58-1082ADDB3609} = {D76F0449-9C9F-4F3E-BAE4-60C7BD54516E}
		{BE57A405-8C57-4A63-8445-890EFDFA36A0} = {909B4A6C-0B68-428A-BA58-1082ADDB3609}
		{A17F6E07-5E33-400E-9525-A4CFDC6C4C6A} = {D76F0449-9C9F-4F3E-BAE4-60C7BD54516E}
		{4FA39C30-6842-4AE8-A7F6-53A909336D99} = {A17F6E07-5E33-400E-9525-A4CFDC6C4C6A}
		{BA9A914C-5C84-4644-989D-82C17E876BA5} = {D157A020-2BA2-4611-BA85-E48236D00ED3}
		{989DE2CE-6A32-4044-A13C-B69559016277} = {099EC6B1-6CC1-4186-9A0B-9EC99A9B8C2B}
		{6C8AD166-ACD3-4E1B-B689-65D442176BFF} = {099EC6B1-6CC1-4186-9A0B-9EC99A9B8C2B}
		{AEA78E18-8BD8-4926-BEF3-4EE73C6F97FD} = {099EC6B1-6CC1-4186-9A0B-9EC99A9B8C2B}
		{4A0839F3-4574-40AC-BCF9-A7D9094C4D6D} = {099EC6B1-6CC1-4186-9A0B-9EC99A9B8C2B}
		{F9B3C705-4A8D-4323-970A-F46D741023BE} = {4D2600F2-757B-4F30-AAE3-72ED49E8D37E}
		{3481C69E-10B6-4FF3-A311-0D16996DB37F} = {4D2600F2-757B-4F30-AAE3-72ED49E8D37E}
		{5E6BAB05-4C7B-4F2B-9433-7B4C655951AB} = {52F19863-34F4-401D-984C-41EA9D8A2CD6}
		{3C2B3668-1673-4D4D-B017-88BF57A373B1} = {5E6BAB05-4C7B-4F2B-9433-7B4C655951AB}
		{C63C28D0-E141-4110-8A90-CEE11C218E42} = {D76F0449-9C9F-4F3E-BAE4-60C7BD54516E}
		{D157A020-2BA2-4611-BA85-E48236D00ED3} = {C63C28D0-E141-4110-8A90-CEE11C218E42}
		{099EC6B1-6CC1-4186-9A0B-9EC99A9B8C2B} = {C63C28D0-E141-4110-8A90-CEE11C218E42}
		{589B3F7C-20D6-46AE-8F06-CEC1F8FDA36F} = {5E6BAB05-4C7B-4F2B-9433-7B4C655951AB}
	EndGlobalSection
EndGlobal
